
Microsoft Visual Studio Solution File, Format Version 12.00
# Visual Studio Version 17
VisualStudioVersion = 17.5.002.0
MinimumVisualStudioVersion = 10.0.40219.1
Project("{9A19103F-16F7-4668-BE54-9A1E7A4F7556}") = "GodotInputMapper", "GodotInputMapper.csproj", "{2CA5356F-83C0-4F3B-A055-1813790ECF4B}"
EndProject
Global
	GlobalSection(SolutionConfigurationPlatforms) = preSolution
		Debug|Any CPU = Debug|Any CPU
		Release|Any CPU = Release|Any CPU
	EndGlobalSection
	GlobalSection(ProjectConfigurationPlatforms) = postSolution
		{2CA5356F-83C0-4F3B-A055-1813790ECF4B}.Debug|Any CPU.ActiveCfg = Debug|Any CPU
		{2CA5356F-83C0-4F3B-A055-1813790ECF4B}.Debug|Any CPU.Build.0 = Debug|Any CPU
		{2CA5356F-83C0-4F3B-A055-1813790ECF4B}.Release|Any CPU.ActiveCfg = Release|Any CPU
		{2CA5356F-83C0-4F3B-A055-1813790ECF4B}.Release|Any CPU.Build.0 = Release|Any CPU
	EndGlobalSection
	GlobalSection(SolutionProperties) = preSolution
		HideSolutionNode = FALSE
	EndGlobalSection
	GlobalSection(ExtensibilityGlobals) = postSolution
		SolutionGuid = {0CE806B6-14E2-44FC-921F-591A1B29C7F3}
	EndGlobalSection
EndGlobal
